// !$*UTF8*$!
{
	archiveVersion = 1;
	classes = {
	};
	objectVersion = 77;
	objects = {

/* Begin PBXBuildFile section */
		01AE84C71E23B5A2D5AF6543 /* AudioPlayerKit in Frameworks */ = {isa = PBXBuildFile; productRef = 1BD94ADE8B855A477498CE6A /* AudioPlayerKit */; };
		0192EE55A41A4B0A8BE1A501 /* ImportCourseSheet.swift in Sources */ = {isa = PBXBuildFile; fileRef = 0192EE55A41A4B0A8BE1A401 /* ImportCourseSheet.swift */; };
		A1B2C3D4E5F60001A0000001 /* PlaybackDetailView.swift in Sources */ = {isa = PBXBuildFile; fileRef = A1B2C3D4E5F60001B0000001 /* PlaybackDetailView.swift */; };
		02A38D706A9D4E4C92B69901 /* HeroCard.swift in Sources */ = {isa = PBXBuildFile; fileRef = 02A38D706A9D4E4C92B69801 /* HeroCard.swift */; };
		02A38D706A9D4E4C92B69902 /* SectionHeader.swift in Sources */ = {isa = PBXBuildFile; fileRef = 02A38D706A9D4E4C92B69802 /* SectionHeader.swift */; };
		02A38D706A9D4E4C92B69903 /* PlayerSurface.swift in Sources */ = {isa = PBXBuildFile; fileRef = 02A38D706A9D4E4C92B69803 /* PlayerSurface.swift */; };
		02A38D706A9D4E4C92B69904 /* EmptyStateCard.swift in Sources */ = {isa = PBXBuildFile; fileRef = 02A38D706A9D4E4C92B69804 /* EmptyStateCard.swift */; };
		02A38D706A9D4E4C92B69905 /* HomeView.swift in Sources */ = {isa = PBXBuildFile; fileRef = 02A38D706A9D4E4C92B69805 /* HomeView.swift */; };
		02A38D706A9D4E4C92B69906 /* ContinueListeningCard.swift in Sources */ = {isa = PBXBuildFile; fileRef = 02A38D706A9D4E4C92B69806 /* ContinueListeningCard.swift */; };
		02A38D706A9D4E4C92B69907 /* RecentCourseStrip.swift in Sources */ = {isa = PBXBuildFile; fileRef = 02A38D706A9D4E4C92B69807 /* RecentCourseStrip.swift */; };
		02A38D706A9D4E4C92B69908 /* LearningSummaryCard.swift in Sources */ = {isa = PBXBuildFile; fileRef = 02A38D706A9D4E4C92B69808 /* LearningSummaryCard.swift */; };
		02A38D706A9D4E4C92B69909 /* ImportPromptCard.swift in Sources */ = {isa = PBXBuildFile; fileRef = 02A38D706A9D4E4C92B69809 /* ImportPromptCard.swift */; };
		02A38D706A9D4E4C92B6990A /* LearningView.swift in Sources */ = {isa = PBXBuildFile; fileRef = 02A38D706A9D4E4C92B6980A /* LearningView.swift */; };
		119B108CC9D96AF13A765407 /* ImmersiveListeningView.swift in Sources */ = {isa = PBXBuildFile; fileRef = 746AE2F3D12FC1234D8EB1CF /* ImmersiveListeningView.swift */; };
		1E05EDE100B10CD69570594B /* SentenceView.swift in Sources */ = {isa = PBXBuildFile; fileRef = 6DDB1E14A9A834CAD17A5556 /* SentenceView.swift */; };
		2B3298DCD261D789606A353D /* ThemeManager.swift in Sources */ = {isa = PBXBuildFile; fileRef = 33D19867710E3D8A89947417 /* ThemeManager.swift */; };
		2C870BE54CDAF5A709E60FE3 /* WordLookupPopup.swift in Sources */ = {isa = PBXBuildFile; fileRef = 64E826FC2A9D0AF479DAD301 /* WordLookupPopup.swift */; };
		355F7FE4B519600F5DA0A01D /* SubtitleKit in Frameworks */ = {isa = PBXBuildFile; productRef = 945ED9977C82F8E91B1E86CA /* SubtitleKit */; };
		380F8B080CDA1C7C1C9960E0 /* MiniPlayerView.swift in Sources */ = {isa = PBXBuildFile; fileRef = A597C0D262DE736C77D0E980 /* MiniPlayerView.swift */; };
		40F57DA9D8B897EF9B087A13 /* lingQApp.swift in Sources */ = {isa = PBXBuildFile; fileRef = 241A27492F1F1449F854EDE9 /* lingQApp.swift */; };
		4FFFF6431EAB1E4C38858BA4 /* BookmarkManager.swift in Sources */ = {isa = PBXBuildFile; fileRef = 3F71FF1CD7798A185B027C7C /* BookmarkManager.swift */; };
		505B350932B5BDB220E7334E /* ImmersiveMode.swift in Sources */ = {isa = PBXBuildFile; fileRef = EC941A658D740EB19F222BF5 /* ImmersiveMode.swift */; };
		5F37ED3D18D3BFBEC6D65DD9 /* VocabularyKit in Frameworks */ = {isa = PBXBuildFile; productRef = 47257DB2D616381385A9903E /* VocabularyKit */; };
		6562AE52E85F638AC0B1DFD4 /* TappableWordView.swift in Sources */ = {isa = PBXBuildFile; fileRef = 4C04C8A5BEF3FAD7AC72686F /* TappableWordView.swift */; };
		788DA0104AC3E94A8870974D /* CourseCardView.swift in Sources */ = {isa = PBXBuildFile; fileRef = 7933833BA2A2F616BE41833F /* CourseCardView.swift */; };
		78F503FA3FFD6211183B1F3F /* CourseListView.swift in Sources */ = {isa = PBXBuildFile; fileRef = D65B66EB5812AE8B4BA24E62 /* CourseListView.swift */; };
		79356600517A47D3417FB81F /* SRSKit in Frameworks */ = {isa = PBXBuildFile; productRef = D6AC468D973CC09D9EF49E0A /* SRSKit */; };
		7A7D5078CEB6B326C4523DE8 /* SharedModels in Frameworks */ = {isa = PBXBuildFile; productRef = 623D77E36CEDC9AE88D8139D /* SharedModels */; };
		8486569F5C5A2DCB4E8610F6 /* WordCardView.swift in Sources */ = {isa = PBXBuildFile; fileRef = 7EE90E07FFD97952DE2EBD65 /* WordCardView.swift */; };
		88C3491F06253ED68F9B1D0B /* AppTheme.swift in Sources */ = {isa = PBXBuildFile; fileRef = 6A6AEAD61E8870ED2B4433B8 /* AppTheme.swift */; };
		8DA0D4C27E58E9A4112F2A19 /* IntensiveReadingView.swift in Sources */ = {isa = PBXBuildFile; fileRef = 9352C5BF3D2EEA24837BEBE8 /* IntensiveReadingView.swift */; };
		96CA8F36DE8FDB0A4AE5F3FB /* FlashcardReviewView.swift in Sources */ = {isa = PBXBuildFile; fileRef = F8CAE802FBB5C584D0D7CF83 /* FlashcardReviewView.swift */; };
		A53B55DDB8BB50ECAADECA2B /* VocabularyListView.swift in Sources */ = {isa = PBXBuildFile; fileRef = 550D37F2BF53178992560B6C /* VocabularyListView.swift */; };
		A76C9D7B39AD59D417B9055E /* ImmersivePlayerView.swift in Sources */ = {isa = PBXBuildFile; fileRef = B26AFD70D2A1367A17F6A7CE /* ImmersivePlayerView.swift */; };
		AABBD8AB0513355756F803AD /* LyricLineView.swift in Sources */ = {isa = PBXBuildFile; fileRef = E60BA9073A93B589DF5E7AD6 /* LyricLineView.swift */; };
		B1381338EB01844CDE32F9CB /* EmptyStateView.swift in Sources */ = {isa = PBXBuildFile; fileRef = A4548FCC719BAE95F04E845D /* EmptyStateView.swift */; };
		CC4591EBD03268B59D3C495B /* FlashcardView.swift in Sources */ = {isa = PBXBuildFile; fileRef = 8103ADF70F0E1FEF7C328C40 /* FlashcardView.swift */; };
		EC528069F734A4BE24F121B5 /* ReviewSummaryView.swift in Sources */ = {isa = PBXBuildFile; fileRef = 9B833F56C96545210BE0B55A /* ReviewSummaryView.swift */; };
		EE76F06166A7AA97F358D583 /* LyricsCanvasView.swift in Sources */ = {isa = PBXBuildFile; fileRef = 4C0344E367B92D4630A5317E /* LyricsCanvasView.swift */; };
		FF79D63143B796A4DAF4806A /* ContentView.swift in Sources */ = {isa = PBXBuildFile; fileRef = D3F5D541C98522B71CF7BE60 /* ContentView.swift */; };
/* End PBXBuildFile section */

/* Begin PBXFileReference section */
		0192EE55A41A4B0A8BE1A401 /* ImportCourseSheet.swift */ = {isa = PBXFileReference; lastKnownFileType = sourcecode.swift; path = ImportCourseSheet.swift; sourceTree = "<group>"; };
		A1B2C3D4E5F60001B0000001 /* PlaybackDetailView.swift */ = {isa = PBXFileReference; lastKnownFileType = sourcecode.swift; path = PlaybackDetailView.swift; sourceTree = "<group>"; };
		02A38D706A9D4E4C92B69801 /* HeroCard.swift */ = {isa = PBXFileReference; lastKnownFileType = sourcecode.swift; path = HeroCard.swift; sourceTree = "<group>"; };
		02A38D706A9D4E4C92B69802 /* SectionHeader.swift */ = {isa = PBXFileReference; lastKnownFileType = sourcecode.swift; path = SectionHeader.swift; sourceTree = "<group>"; };
		02A38D706A9D4E4C92B69803 /* PlayerSurface.swift */ = {isa = PBXFileReference; lastKnownFileType = sourcecode.swift; path = PlayerSurface.swift; sourceTree = "<group>"; };
		02A38D706A9D4E4C92B69804 /* EmptyStateCard.swift */ = {isa = PBXFileReference; lastKnownFileType = sourcecode.swift; path = EmptyStateCard.swift; sourceTree = "<group>"; };
		02A38D706A9D4E4C92B69805 /* HomeView.swift */ = {isa = PBXFileReference; lastKnownFileType = sourcecode.swift; path = HomeView.swift; sourceTree = "<group>"; };
		02A38D706A9D4E4C92B69806 /* ContinueListeningCard.swift */ = {isa = PBXFileReference; lastKnownFileType = sourcecode.swift; path = ContinueListeningCard.swift; sourceTree = "<group>"; };
		02A38D706A9D4E4C92B69807 /* RecentCourseStrip.swift */ = {isa = PBXFileReference; lastKnownFileType = sourcecode.swift; path = RecentCourseStrip.swift; sourceTree = "<group>"; };
		02A38D706A9D4E4C92B69808 /* LearningSummaryCard.swift */ = {isa = PBXFileReference; lastKnownFileType = sourcecode.swift; path = LearningSummaryCard.swift; sourceTree = "<group>"; };
		02A38D706A9D4E4C92B69809 /* ImportPromptCard.swift */ = {isa = PBXFileReference; lastKnownFileType = sourcecode.swift; path = ImportPromptCard.swift; sourceTree = "<group>"; };
		02A38D706A9D4E4C92B6980A /* LearningView.swift */ = {isa = PBXFileReference; lastKnownFileType = sourcecode.swift; path = LearningView.swift; sourceTree = "<group>"; };
		1411FEA98A21414959318286 /* Info.plist */ = {isa = PBXFileReference; lastKnownFileType = text.plist; path = Info.plist; sourceTree = "<group>"; };
		241A27492F1F1449F854EDE9 /* lingQApp.swift */ = {isa = PBXFileReference; lastKnownFileType = sourcecode.swift; path = lingQApp.swift; sourceTree = "<group>"; };
		33D19867710E3D8A89947417 /* ThemeManager.swift */ = {isa = PBXFileReference; lastKnownFileType = sourcecode.swift; path = ThemeManager.swift; sourceTree = "<group>"; };
		3F71FF1CD7798A185B027C7C /* BookmarkManager.swift */ = {isa = PBXFileReference; lastKnownFileType = sourcecode.swift; path = BookmarkManager.swift; sourceTree = "<group>"; };
		4BC8FA14D8B5C7D608C9C398 /* lingQ.app */ = {isa = PBXFileReference; explicitFileType = wrapper.application; includeInIndex = 0; path = lingQ.app; sourceTree = BUILT_PRODUCTS_DIR; };
		4C0344E367B92D4630A5317E /* LyricsCanvasView.swift */ = {isa = PBXFileReference; lastKnownFileType = sourcecode.swift; path = LyricsCanvasView.swift; sourceTree = "<group>"; };
		4C04C8A5BEF3FAD7AC72686F /* TappableWordView.swift */ = {isa = PBXFileReference; lastKnownFileType = sourcecode.swift; path = TappableWordView.swift; sourceTree = "<group>"; };
		550D37F2BF53178992560B6C /* VocabularyListView.swift */ = {isa = PBXFileReference; lastKnownFileType = sourcecode.swift; path = VocabularyListView.swift; sourceTree = "<group>"; };
		64E826FC2A9D0AF479DAD301 /* WordLookupPopup.swift */ = {isa = PBXFileReference; lastKnownFileType = sourcecode.swift; path = WordLookupPopup.swift; sourceTree = "<group>"; };
		6A6AEAD61E8870ED2B4433B8 /* AppTheme.swift */ = {isa = PBXFileReference; lastKnownFileType = sourcecode.swift; path = AppTheme.swift; sourceTree = "<group>"; };
		6DDB1E14A9A834CAD17A5556 /* SentenceView.swift */ = {isa = PBXFileReference; lastKnownFileType = sourcecode.swift; path = SentenceView.swift; sourceTree = "<group>"; };
		746AE2F3D12FC1234D8EB1CF /* ImmersiveListeningView.swift */ = {isa = PBXFileReference; lastKnownFileType = sourcecode.swift; path = ImmersiveListeningView.swift; sourceTree = "<group>"; };
		7933833BA2A2F616BE41833F /* CourseCardView.swift */ = {isa = PBXFileReference; lastKnownFileType = sourcecode.swift; path = CourseCardView.swift; sourceTree = "<group>"; };
		7EE90E07FFD97952DE2EBD65 /* WordCardView.swift */ = {isa = PBXFileReference; lastKnownFileType = sourcecode.swift; path = WordCardView.swift; sourceTree = "<group>"; };
		8103ADF70F0E1FEF7C328C40 /* FlashcardView.swift */ = {isa = PBXFileReference; lastKnownFileType = sourcecode.swift; path = FlashcardView.swift; sourceTree = "<group>"; };
		9352C5BF3D2EEA24837BEBE8 /* IntensiveReadingView.swift */ = {isa = PBXFileReference; lastKnownFileType = sourcecode.swift; path = IntensiveReadingView.swift; sourceTree = "<group>"; };
		9B833F56C96545210BE0B55A /* ReviewSummaryView.swift */ = {isa = PBXFileReference; lastKnownFileType = sourcecode.swift; path = ReviewSummaryView.swift; sourceTree = "<group>"; };
		A4548FCC719BAE95F04E845D /* EmptyStateView.swift */ = {isa = PBXFileReference; lastKnownFileType = sourcecode.swift; path = EmptyStateView.swift; sourceTree = "<group>"; };
		A597C0D262DE736C77D0E980 /* MiniPlayerView.swift */ = {isa = PBXFileReference; lastKnownFileType = sourcecode.swift; path = MiniPlayerView.swift; sourceTree = "<group>"; };
		B26AFD70D2A1367A17F6A7CE /* ImmersivePlayerView.swift */ = {isa = PBXFileReference; lastKnownFileType = sourcecode.swift; path = ImmersivePlayerView.swift; sourceTree = "<group>"; };
		D3F5D541C98522B71CF7BE60 /* ContentView.swift */ = {isa = PBXFileReference; lastKnownFileType = sourcecode.swift; path = ContentView.swift; sourceTree = "<group>"; };
		D65B66EB5812AE8B4BA24E62 /* CourseListView.swift */ = {isa = PBXFileReference; lastKnownFileType = sourcecode.swift; path = CourseListView.swift; sourceTree = "<group>"; };
		E60BA9073A93B589DF5E7AD6 /* LyricLineView.swift */ = {isa = PBXFileReference; lastKnownFileType = sourcecode.swift; path = LyricLineView.swift; sourceTree = "<group>"; };
		EC941A658D740EB19F222BF5 /* ImmersiveMode.swift */ = {isa = PBXFileReference; lastKnownFileType = sourcecode.swift; path = ImmersiveMode.swift; sourceTree = "<group>"; };
		F8CAE802FBB5C584D0D7CF83 /* FlashcardReviewView.swift */ = {isa = PBXFileReference; lastKnownFileType = sourcecode.swift; path = FlashcardReviewView.swift; sourceTree = "<group>"; };
/* End PBXFileReference section */

/* Begin PBXFrameworksBuildPhase section */
		303A6B7DCB35932F004F988A /* Frameworks */ = {
			isa = PBXFrameworksBuildPhase;
			buildActionMask = 2147483647;
			files = (
				7A7D5078CEB6B326C4523DE8 /* SharedModels in Frameworks */,
				355F7FE4B519600F5DA0A01D /* SubtitleKit in Frameworks */,
				79356600517A47D3417FB81F /* SRSKit in Frameworks */,
				01AE84C71E23B5A2D5AF6543 /* AudioPlayerKit in Frameworks */,
				5F37ED3D18D3BFBEC6D65DD9 /* VocabularyKit in Frameworks */,
			);
			runOnlyForDeploymentPostprocessing = 0;
		};
/* End PBXFrameworksBuildPhase section */

/* Begin PBXGroup section */
		4A4E87A87AE22762C8A0D708 /* IntensiveReading */ = {
			isa = PBXGroup;
			children = (
				9352C5BF3D2EEA24837BEBE8 /* IntensiveReadingView.swift */,
				A597C0D262DE736C77D0E980 /* MiniPlayerView.swift */,
				6DDB1E14A9A834CAD17A5556 /* SentenceView.swift */,
				4C04C8A5BEF3FAD7AC72686F /* TappableWordView.swift */,
				64E826FC2A9D0AF479DAD301 /* WordLookupPopup.swift */,
			);
			path = IntensiveReading;
			sourceTree = "<group>";
		};
		58973993BFC2A0C4D152EC0D /* Theme */ = {
			isa = PBXGroup;
			children = (
				6A6AEAD61E8870ED2B4433B8 /* AppTheme.swift */,
				33D19867710E3D8A89947417 /* ThemeManager.swift */,
			);
			path = Theme;
			sourceTree = "<group>";
		};
		5A25DD5B6B1B4F8B9C3A4401 /* UI */ = {
			isa = PBXGroup;
			children = (
				02A38D706A9D4E4C92B69801 /* HeroCard.swift */,
				02A38D706A9D4E4C92B69802 /* SectionHeader.swift */,
				02A38D706A9D4E4C92B69803 /* PlayerSurface.swift */,
				02A38D706A9D4E4C92B69804 /* EmptyStateCard.swift */,
			);
			path = UI;
			sourceTree = "<group>";
		};
		5950087AC4F20DFD9D2BCA0C /* Products */ = {
			isa = PBXGroup;
			children = (
				4BC8FA14D8B5C7D608C9C398 /* lingQ.app */,
			);
			name = Products;
			sourceTree = "<group>";
		};
		650107DAEA9DFB4B1FF93AFC /* lingQ */ = {
			isa = PBXGroup;
			children = (
				D3F5D541C98522B71CF7BE60 /* ContentView.swift */,
				1411FEA98A21414959318286 /* Info.plist */,
				241A27492F1F1449F854EDE9 /* lingQApp.swift */,
				84CB5BFF612775E85B60D225 /* CourseList */,
				5D8A51F7A91C482A8D7F5501 /* Home */,
				D8EC24F2711D5DAC45FE8A39 /* ImmersiveListening */,
				E668E475C5A56C04BBEAD586 /* Import */,
				4A4E87A87AE22762C8A0D708 /* IntensiveReading */,
				A1B2C3D4E5F60001C0000001 /* Playback */,
				5A25DD5B6B1B4F8B9C3A4401 /* UI */,
				5C269A361F3D4F278D0E6301 /* Learning */,
				CD53A3BD0CC181A0715DCDD5 /* Review */,
				58973993BFC2A0C4D152EC0D /* Theme */,
				BA3232B01AA3569919C44F69 /* Vocabulary */,
			);
			name = lingQ;
			path = App/lingQ;
			sourceTree = "<group>";
		};
		84CB5BFF612775E85B60D225 /* CourseList */ = {
			isa = PBXGroup;
			children = (
				7933833BA2A2F616BE41833F /* CourseCardView.swift */,
				D65B66EB5812AE8B4BA24E62 /* CourseListView.swift */,
				A4548FCC719BAE95F04E845D /* EmptyStateView.swift */,
			);
			path = CourseList;
			sourceTree = "<group>";
		};
		5C269A361F3D4F278D0E6301 /* Learning */ = {
			isa = PBXGroup;
			children = (
				02A38D706A9D4E4C92B6980A /* LearningView.swift */,
			);
			path = Learning;
			sourceTree = "<group>";
		};
		5D8A51F7A91C482A8D7F5501 /* Home */ = {
			isa = PBXGroup;
			children = (
				02A38D706A9D4E4C92B69805 /* HomeView.swift */,
				02A38D706A9D4E4C92B69806 /* ContinueListeningCard.swift */,
				02A38D706A9D4E4C92B69807 /* RecentCourseStrip.swift */,
				02A38D706A9D4E4C92B69808 /* LearningSummaryCard.swift */,
				02A38D706A9D4E4C92B69809 /* ImportPromptCard.swift */,
			);
			path = Home;
			sourceTree = "<group>";
		};
		A1B2C3D4E5F60001C0000001 /* Playback */ = {
			isa = PBXGroup;
			children = (
				A1B2C3D4E5F60001B0000001 /* PlaybackDetailView.swift */,
			);
			path = Playback;
			sourceTree = "<group>";
		};
		BA3232B01AA3569919C44F69 /* Vocabulary */ = {
			isa = PBXGroup;
			children = (
				550D37F2BF53178992560B6C /* VocabularyListView.swift */,
				7EE90E07FFD97952DE2EBD65 /* WordCardView.swift */,
			);
			path = Vocabulary;
			sourceTree = "<group>";
		};
		CD53A3BD0CC181A0715DCDD5 /* Review */ = {
			isa = PBXGroup;
			children = (
				F8CAE802FBB5C584D0D7CF83 /* FlashcardReviewView.swift */,
				8103ADF70F0E1FEF7C328C40 /* FlashcardView.swift */,
				9B833F56C96545210BE0B55A /* ReviewSummaryView.swift */,
			);
			path = Review;
			sourceTree = "<group>";
		};
		D8EC24F2711D5DAC45FE8A39 /* ImmersiveListening */ = {
			isa = PBXGroup;
			children = (
				746AE2F3D12FC1234D8EB1CF /* ImmersiveListeningView.swift */,
				EC941A658D740EB19F222BF5 /* ImmersiveMode.swift */,
				B26AFD70D2A1367A17F6A7CE /* ImmersivePlayerView.swift */,
				E60BA9073A93B589DF5E7AD6 /* LyricLineView.swift */,
				4C0344E367B92D4630A5317E /* LyricsCanvasView.swift */,
			);
			path = ImmersiveListening;
			sourceTree = "<group>";
		};
		E668E475C5A56C04BBEAD586 /* Import */ = {
			isa = PBXGroup;
			children = (
				3F71FF1CD7798A185B027C7C /* BookmarkManager.swift */,
				0192EE55A41A4B0A8BE1A401 /* ImportCourseSheet.swift */,
			);
			path = Import;
			sourceTree = "<group>";
		};
		ED7BA0C5A08A53C9333798A9 = {
			isa = PBXGroup;
			children = (
				650107DAEA9DFB4B1FF93AFC /* lingQ */,
					5950087AC4F20DFD9D2BCA0C /* Products */,
			);
			sourceTree = "<group>";
		};
/* End PBXGroup section */

/* Begin PBXNativeTarget section */
		4EFD2FA43E47AEF7C7224D0F /* lingQ */ = {
			isa = PBXNativeTarget;
			buildConfigurationList = 52CE6D4560038914C0D1F69C /* Build configuration list for PBXNativeTarget "lingQ" */;
			buildPhases = (
				B7B5BD4032AA863FBCF5AED7 /* Sources */,
				303A6B7DCB35932F004F988A /* Frameworks */,
			);
			buildRules = (
			);
			dependencies = (
			);
			name = lingQ;
			packageProductDependencies = (
				623D77E36CEDC9AE88D8139D /* SharedModels */,
				945ED9977C82F8E91B1E86CA /* SubtitleKit */,
				D6AC468D973CC09D9EF49E0A /* SRSKit */,
				1BD94ADE8B855A477498CE6A /* AudioPlayerKit */,
				47257DB2D616381385A9903E /* VocabularyKit */,
			);
			productName = lingQ;
			productReference = 4BC8FA14D8B5C7D608C9C398 /* lingQ.app */;
			productType = "com.apple.product-type.application";
		};
/* End PBXNativeTarget section */

/* Begin PBXProject section */
		B8CEBB9C716866FCF0857B28 /* Project object */ = {
			isa = PBXProject;
			attributes = {
				BuildIndependentTargetsInParallel = YES;
				LastUpgradeCheck = 1600;
			};
			buildConfigurationList = 1F60F3FAC7D10E05464768A2 /* Build configuration list for PBXProject "lingQ" */;
			developmentRegion = en;
			hasScannedForEncodings = 0;
			knownRegions = (
				Base,
				en,
			);
			mainGroup = ED7BA0C5A08A53C9333798A9;
			minimizedProjectReferenceProxies = 1;
			packageReferences = (
				CCFCE1EA03EC0C6CE28D3584 /* XCLocalSwiftPackageReference "Packages/AudioPlayerKit" */,
				8219FE2D08A486FBA834AC93 /* XCLocalSwiftPackageReference "Packages/SRSKit" */,
				9D8BE5C3E37D2D9452F756DF /* XCLocalSwiftPackageReference "Packages/SharedModels" */,
				8AF11A589CEB6E196B1652E3 /* XCLocalSwiftPackageReference "Packages/SubtitleKit" */,
				6D95D66391F2C0E70811CDD3 /* XCLocalSwiftPackageReference "Packages/VocabularyKit" */,
			);
			preferredProjectObjectVersion = 77;
			productRefGroup = 5950087AC4F20DFD9D2BCA0C /* Products */;
			projectDirPath = "";
			projectRoot = "";
			targets = (
				4EFD2FA43E47AEF7C7224D0F /* lingQ */,
			);
		};
/* End PBXProject section */

/* Begin PBXSourcesBuildPhase section */
		B7B5BD4032AA863FBCF5AED7 /* Sources */ = {
			isa = PBXSourcesBuildPhase;
			buildActionMask = 2147483647;
			files = (
				0192EE55A41A4B0A8BE1A501 /* ImportCourseSheet.swift in Sources */,
				A1B2C3D4E5F60001A0000001 /* PlaybackDetailView.swift in Sources */,
				02A38D706A9D4E4C92B69906 /* ContinueListeningCard.swift in Sources */,
				02A38D706A9D4E4C92B69904 /* EmptyStateCard.swift in Sources */,
				02A38D706A9D4E4C92B69901 /* HeroCard.swift in Sources */,
				02A38D706A9D4E4C92B69905 /* HomeView.swift in Sources */,
				02A38D706A9D4E4C92B69909 /* ImportPromptCard.swift in Sources */,
				02A38D706A9D4E4C92B6990A /* LearningView.swift in Sources */,
				02A38D706A9D4E4C92B69908 /* LearningSummaryCard.swift in Sources */,
				88C3491F06253ED68F9B1D0B /* AppTheme.swift in Sources */,
				4FFFF6431EAB1E4C38858BA4 /* BookmarkManager.swift in Sources */,
				FF79D63143B796A4DAF4806A /* ContentView.swift in Sources */,
				788DA0104AC3E94A8870974D /* CourseCardView.swift in Sources */,
				78F503FA3FFD6211183B1F3F /* CourseListView.swift in Sources */,
				B1381338EB01844CDE32F9CB /* EmptyStateView.swift in Sources */,
				96CA8F36DE8FDB0A4AE5F3FB /* FlashcardReviewView.swift in Sources */,
				CC4591EBD03268B59D3C495B /* FlashcardView.swift in Sources */,
				119B108CC9D96AF13A765407 /* ImmersiveListeningView.swift in Sources */,
				505B350932B5BDB220E7334E /* ImmersiveMode.swift in Sources */,
				A76C9D7B39AD59D417B9055E /* ImmersivePlayerView.swift in Sources */,
				8DA0D4C27E58E9A4112F2A19 /* IntensiveReadingView.swift in Sources */,
				AABBD8AB0513355756F803AD /* LyricLineView.swift in Sources */,
				EE76F06166A7AA97F358D583 /* LyricsCanvasView.swift in Sources */,
				380F8B080CDA1C7C1C9960E0 /* MiniPlayerView.swift in Sources */,
				02A38D706A9D4E4C92B69903 /* PlayerSurface.swift in Sources */,
				02A38D706A9D4E4C92B69907 /* RecentCourseStrip.swift in Sources */,
				EC528069F734A4BE24F121B5 /* ReviewSummaryView.swift in Sources */,
				1E05EDE100B10CD69570594B /* SentenceView.swift in Sources */,
				02A38D706A9D4E4C92B69902 /* SectionHeader.swift in Sources */,
				6562AE52E85F638AC0B1DFD4 /* TappableWordView.swift in Sources */,
				2B3298DCD261D789606A353D /* ThemeManager.swift in Sources */,
				A53B55DDB8BB50ECAADECA2B /* VocabularyListView.swift in Sources */,
				8486569F5C5A2DCB4E8610F6 /* WordCardView.swift in Sources */,
				2C870BE54CDAF5A709E60FE3 /* WordLookupPopup.swift in Sources */,
				40F57DA9D8B897EF9B087A13 /* lingQApp.swift in Sources */,
			);
			runOnlyForDeploymentPostprocessing = 0;
		};
/* End PBXSourcesBuildPhase section */

/* Begin XCBuildConfiguration section */
		06592326C6314620ECB725A9 /* Debug */ = {
			isa = XCBuildConfiguration;
			buildSettings = {
				ALWAYS_SEARCH_USER_PATHS = NO;
				CLANG_ANALYZER_NONNULL = YES;
				CLANG_ANALYZER_NUMBER_OBJECT_CONVERSION = YES_AGGRESSIVE;
				CLANG_CXX_LANGUAGE_STANDARD = "gnu++14";
				CLANG_CXX_LIBRARY = "libc++";
				CLANG_ENABLE_MODULES = YES;
				CLANG_ENABLE_OBJC_ARC = YES;
				CLANG_ENABLE_OBJC_WEAK = YES;
				CLANG_WARN_BLOCK_CAPTURE_AUTORELEASING = YES;
				CLANG_WARN_BOOL_CONVERSION = YES;
				CLANG_WARN_COMMA = YES;
				CLANG_WARN_CONSTANT_CONVERSION = YES;
				CLANG_WARN_DEPRECATED_OBJC_IMPLEMENTATIONS = YES;
				CLANG_WARN_DIRECT_OBJC_ISA_USAGE = YES_ERROR;
				CLANG_WARN_DOCUMENTATION_COMMENTS = YES;
				CLANG_WARN_EMPTY_BODY = YES;
				CLANG_WARN_ENUM_CONVERSION = YES;
				CLANG_WARN_INFINITE_RECURSION = YES;
				CLANG_WARN_INT_CONVERSION = YES;
				CLANG_WARN_NON_LITERAL_NULL_CONVERSION = YES;
				CLANG_WARN_OBJC_IMPLICIT_RETAIN_SELF = YES;
				CLANG_WARN_OBJC_LITERAL_CONVERSION = YES;
				CLANG_WARN_OBJC_ROOT_CLASS = YES_ERROR;
				CLANG_WARN_QUOTED_INCLUDE_IN_FRAMEWORK_HEADER = YES;
				CLANG_WARN_RANGE_LOOP_ANALYSIS = YES;
				CLANG_WARN_STRICT_PROTOTYPES = YES;
				CLANG_WARN_SUSPICIOUS_MOVE = YES;
				CLANG_WARN_UNGUARDED_AVAILABILITY = YES_AGGRESSIVE;
				CLANG_WARN_UNREACHABLE_CODE = YES;
				CLANG_WARN__DUPLICATE_METHOD_MATCH = YES;
				COPY_PHASE_STRIP = NO;
				CURRENT_PROJECT_VERSION = 1;
				DEBUG_INFORMATION_FORMAT = dwarf;
				ENABLE_STRICT_OBJC_MSGSEND = YES;
				ENABLE_TESTABILITY = YES;
				GCC_C_LANGUAGE_STANDARD = gnu11;
				GCC_DYNAMIC_NO_PIC = NO;
				GCC_NO_COMMON_BLOCKS = YES;
				GCC_OPTIMIZATION_LEVEL = 0;
				GCC_PREPROCESSOR_DEFINITIONS = (
					"$(inherited)",
					"DEBUG=1",
				);
				GCC_WARN_64_TO_32_BIT_CONVERSION = YES;
				GCC_WARN_ABOUT_RETURN_TYPE = YES_ERROR;
				GCC_WARN_UNDECLARED_SELECTOR = YES;
				GCC_WARN_UNINITIALIZED_AUTOS = YES_AGGRESSIVE;
				GCC_WARN_UNUSED_FUNCTION = YES;
				GCC_WARN_UNUSED_VARIABLE = YES;
				IPHONEOS_DEPLOYMENT_TARGET = 18.0;
				MARKETING_VERSION = 1.0.0;
				MTL_ENABLE_DEBUG_INFO = INCLUDE_SOURCE;
				MTL_FAST_MATH = YES;
				ONLY_ACTIVE_ARCH = YES;
				PRODUCT_NAME = "$(TARGET_NAME)";
				SDKROOT = iphoneos;
				SWIFT_ACTIVE_COMPILATION_CONDITIONS = DEBUG;
				SWIFT_OPTIMIZATION_LEVEL = "-Onone";
				SWIFT_VERSION = 6.0;
			};
			name = Debug;
		};
		3541E65E7BC27D9EB131391E /* Release */ = {
			isa = XCBuildConfiguration;
			buildSettings = {
				ALWAYS_SEARCH_USER_PATHS = NO;
				CLANG_ANALYZER_NONNULL = YES;
				CLANG_ANALYZER_NUMBER_OBJECT_CONVERSION = YES_AGGRESSIVE;
				CLANG_CXX_LANGUAGE_STANDARD = "gnu++14";
				CLANG_CXX_LIBRARY = "libc++";
				CLANG_ENABLE_MODULES = YES;
				CLANG_ENABLE_OBJC_ARC = YES;
				CLANG_ENABLE_OBJC_WEAK = YES;
				CLANG_WARN_BLOCK_CAPTURE_AUTORELEASING = YES;
				CLANG_WARN_BOOL_CONVERSION = YES;
				CLANG_WARN_COMMA = YES;
				CLANG_WARN_CONSTANT_CONVERSION = YES;
				CLANG_WARN_DEPRECATED_OBJC_IMPLEMENTATIONS = YES;
				CLANG_WARN_DIRECT_OBJC_ISA_USAGE = YES_ERROR;
				CLANG_WARN_DOCUMENTATION_COMMENTS = YES;
				CLANG_WARN_EMPTY_BODY = YES;
				CLANG_WARN_ENUM_CONVERSION = YES;
				CLANG_WARN_INFINITE_RECURSION = YES;
				CLANG_WARN_INT_CONVERSION = YES;
				CLANG_WARN_NON_LITERAL_NULL_CONVERSION = YES;
				CLANG_WARN_OBJC_IMPLICIT_RETAIN_SELF = YES;
				CLANG_WARN_OBJC_LITERAL_CONVERSION = YES;
				CLANG_WARN_OBJC_ROOT_CLASS = YES_ERROR;
				CLANG_WARN_QUOTED_INCLUDE_IN_FRAMEWORK_HEADER = YES;
				CLANG_WARN_RANGE_LOOP_ANALYSIS = YES;
				CLANG_WARN_STRICT_PROTOTYPES = YES;
				CLANG_WARN_SUSPICIOUS_MOVE = YES;
				CLANG_WARN_UNGUARDED_AVAILABILITY = YES_AGGRESSIVE;
				CLANG_WARN_UNREACHABLE_CODE = YES;
				CLANG_WARN__DUPLICATE_METHOD_MATCH = YES;
				COPY_PHASE_STRIP = NO;
				CURRENT_PROJECT_VERSION = 1;
				DEBUG_INFORMATION_FORMAT = "dwarf-with-dsym";
				ENABLE_NS_ASSERTIONS = NO;
				ENABLE_STRICT_OBJC_MSGSEND = YES;
				GCC_C_LANGUAGE_STANDARD = gnu11;
				GCC_NO_COMMON_BLOCKS = YES;
				GCC_WARN_64_TO_32_BIT_CONVERSION = YES;
				GCC_WARN_ABOUT_RETURN_TYPE = YES_ERROR;
				GCC_WARN_UNDECLARED_SELECTOR = YES;
				GCC_WARN_UNINITIALIZED_AUTOS = YES_AGGRESSIVE;
				GCC_WARN_UNUSED_FUNCTION = YES;
				GCC_WARN_UNUSED_VARIABLE = YES;
				IPHONEOS_DEPLOYMENT_TARGET = 18.0;
				MARKETING_VERSION = 1.0.0;
				MTL_ENABLE_DEBUG_INFO = NO;
				MTL_FAST_MATH = YES;
				PRODUCT_NAME = "$(TARGET_NAME)";
				SDKROOT = iphoneos;
				SWIFT_COMPILATION_MODE = wholemodule;
				SWIFT_OPTIMIZATION_LEVEL = "-O";
				SWIFT_VERSION = 6.0;
			};
			name = Release;
		};
		C664F49794B52CD31F4EB7EA /* Release */ = {
			isa = XCBuildConfiguration;
			buildSettings = {
				ASSETCATALOG_COMPILER_APPICON_NAME = AppIcon;
				CODE_SIGN_IDENTITY = "iPhone Developer";
				DEVELOPMENT_TEAM = WV752FV7BA;
				INFOPLIST_FILE = App/lingQ/Info.plist;
				IPHONEOS_DEPLOYMENT_TARGET = 18.0;
				LD_RUNPATH_SEARCH_PATHS = (
					"$(inherited)",
					"@executable_path/Frameworks",
				);
				PRODUCT_BUNDLE_IDENTIFIER = com.lingq.lingQ;
				SDKROOT = iphoneos;
				TARGETED_DEVICE_FAMILY = "1,2";
			};
			name = Release;
		};
		F8E4ADA26F7C723B539EC207 /* Debug */ = {
			isa = XCBuildConfiguration;
			buildSettings = {
				ASSETCATALOG_COMPILER_APPICON_NAME = AppIcon;
				CODE_SIGN_IDENTITY = "iPhone Developer";
				DEVELOPMENT_TEAM = WV752FV7BA;
				INFOPLIST_FILE = App/lingQ/Info.plist;
				IPHONEOS_DEPLOYMENT_TARGET = 18.0;
				LD_RUNPATH_SEARCH_PATHS = (
					"$(inherited)",
					"@executable_path/Frameworks",
				);
				PRODUCT_BUNDLE_IDENTIFIER = com.lingq.lingQ;
				SDKROOT = iphoneos;
				TARGETED_DEVICE_FAMILY = "1,2";
			};
			name = Debug;
		};
/* End XCBuildConfiguration section */

/* Begin XCConfigurationList section */
		1F60F3FAC7D10E05464768A2 /* Build configuration list for PBXProject "lingQ" */ = {
			isa = XCConfigurationList;
			buildConfigurations = (
				06592326C6314620ECB725A9 /* Debug */,
				3541E65E7BC27D9EB131391E /* Release */,
			);
			defaultConfigurationIsVisible = 0;
			defaultConfigurationName = Debug;
		};
		52CE6D4560038914C0D1F69C /* Build configuration list for PBXNativeTarget "lingQ" */ = {
			isa = XCConfigurationList;
			buildConfigurations = (
				F8E4ADA26F7C723B539EC207 /* Debug */,
				C664F49794B52CD31F4EB7EA /* Release */,
			);
			defaultConfigurationIsVisible = 0;
			defaultConfigurationName = Debug;
		};
/* End XCConfigurationList section */

/* Begin XCLocalSwiftPackageReference section */
		6D95D66391F2C0E70811CDD3 /* XCLocalSwiftPackageReference "Packages/VocabularyKit" */ = {
			isa = XCLocalSwiftPackageReference;
			relativePath = Packages/VocabularyKit;
		};
		8219FE2D08A486FBA834AC93 /* XCLocalSwiftPackageReference "Packages/SRSKit" */ = {
			isa = XCLocalSwiftPackageReference;
			relativePath = Packages/SRSKit;
		};
		8AF11A589CEB6E196B1652E3 /* XCLocalSwiftPackageReference "Packages/SubtitleKit" */ = {
			isa = XCLocalSwiftPackageReference;
			relativePath = Packages/SubtitleKit;
		};
		9D8BE5C3E37D2D9452F756DF /* XCLocalSwiftPackageReference "Packages/SharedModels" */ = {
			isa = XCLocalSwiftPackageReference;
			relativePath = Packages/SharedModels;
		};
		CCFCE1EA03EC0C6CE28D3584 /* XCLocalSwiftPackageReference "Packages/AudioPlayerKit" */ = {
			isa = XCLocalSwiftPackageReference;
			relativePath = Packages/AudioPlayerKit;
		};
/* End XCLocalSwiftPackageReference section */

/* Begin XCSwiftPackageProductDependency section */
		1BD94ADE8B855A477498CE6A /* AudioPlayerKit */ = {
			isa = XCSwiftPackageProductDependency;
			productName = AudioPlayerKit;
		};
		47257DB2D616381385A9903E /* VocabularyKit */ = {
			isa = XCSwiftPackageProductDependency;
			productName = VocabularyKit;
		};
		623D77E36CEDC9AE88D8139D /* SharedModels */ = {
			isa = XCSwiftPackageProductDependency;
			productName = SharedModels;
		};
		945ED9977C82F8E91B1E86CA /* SubtitleKit */ = {
			isa = XCSwiftPackageProductDependency;
			productName = SubtitleKit;
		};
		D6AC468D973CC09D9EF49E0A /* SRSKit */ = {
			isa = XCSwiftPackageProductDependency;
			productName = SRSKit;
		};
/* End XCSwiftPackageProductDependency section */
	};
	rootObject = B8CEBB9C716866FCF0857B28 /* Project object */;
}
